{
  "name": "di-node-app",
  "version": "1.0.0",
  "lockfileVersion": 3,
  "requires": true,
  "packages": {
    "": {
      "name": "di-node-app",
      "version": "1.0.0",
      "license": "ISC",
      "dependencies": {
        "inversify": "^6.1.4",
        "reflect-metadata": "^0.2.2"
      },
      "devDependencies": {
        "@types/node": "^22.10.1",
        "typescript": "^5.7.2"
      }
    },
    "node_modules/@inversifyjs/common": {
      "version": "1.3.3",
      "resolved": "https://registry.npmjs.org/@inversifyjs/common/-/common-1.3.3.tgz",
      "integrity": "sha512-ZH0wrgaJwIo3s9gMCDM2wZoxqrJ6gB97jWXncROfYdqZJv8f3EkqT57faZqN5OTeHWgtziQ6F6g3L8rCvGceCw=="
    },
    "node_modules/@inversifyjs/core": {
      "version": "1.3.4",
      "resolved": "https://registry.npmjs.org/@inversifyjs/core/-/core-1.3.4.tgz",
      "integrity": "sha512-gCCmA4BdbHEFwvVZ2elWgHuXZWk6AOu/1frxsS+2fWhjEk2c/IhtypLo5ytSUie1BCiT6i9qnEo4bruBomQsAA==",
      "dependencies": {
        "@inversifyjs/common": "1.3.3",
        "@inversifyjs/reflect-metadata-utils": "0.2.3"
      }
    },
    "node_modules/@inversifyjs/reflect-metadata-utils": {
      "version": "0.2.3",
      "resolved": "https://registry.npmjs.org/@inversifyjs/reflect-metadata-utils/-/reflect-metadata-utils-0.2.3.tgz",
      "integrity": "sha512-d3D0o9TeSlvaGM2I24wcNw/Aj3rc4OYvHXOKDC09YEph5fMMiKd6fq1VTQd9tOkDNWvVbw+cnt45Wy9P/t5Lvw==",
      "peerDependencies": {
        "reflect-metadata": "0.2.2"
      }
    },
    "node_modules/@types/node": {
      "version": "22.10.1",
      "resolved": "https://registry.npmjs.org/@types/node/-/node-22.10.1.tgz",
      "integrity": "sha512-qKgsUwfHZV2WCWLAnVP1JqnpE6Im6h3Y0+fYgMTasNQ7V++CBX5OT1as0g0f+OyubbFqhf6XVNIsmN4IIhEgGQ==",
      "dev": true,
      "dependencies": {
        "undici-types": "~6.20.0"
      }
    },
    "node_modules/inversify": {
      "version": "6.1.4",
      "resolved": "https://registry.npmjs.org/inversify/-/inversify-6.1.4.tgz",
      "integrity": "sha512-PbxrZH/gTa1fpPEEGAjJQzK8tKMIp5gRg6EFNJlCtzUcycuNdmhv3uk5P8Itm/RIjgHJO16oQRLo9IHzQN51bA==",
      "dependencies": {
        "@inversifyjs/common": "1.3.3",
        "@inversifyjs/core": "1.3.4"
      }
    },
    "node_modules/reflect-metadata": {
      "version": "0.2.2",
      "resolved": "https://registry.npmjs.org/reflect-metadata/-/reflect-metadata-0.2.2.tgz",
      "integrity": "sha512-urBwgfrvVP/eAyXx4hluJivBKzuEbSQs9rKWCrCkbSxNv8mxPcUZKeuoF3Uy4mJl3Lwprp6yy5/39VWigZ4K6Q=="
    },
    "node_modules/typescript": {
      "version": "5.7.2",
      "resolved": "https://registry.npmjs.org/typescript/-/typescript-5.7.2.tgz",
      "integrity": "sha512-i5t66RHxDvVN40HfDd1PsEThGNnlMCMT3jMUuoh9/0TaqWevNontacunWyN02LA9/fIbEWlcHZcgTKb9QoaLfg==",
      "dev": true,
      "bin": {
        "tsc": "bin/tsc",
        "tsserver": "bin/tsserver"
      },
      "engines": {
        "node": ">=14.17"
      }
    },
    "node_modules/undici-types": {
      "version": "6.20.0",
      "resolved": "https://registry.npmjs.org/undici-types/-/undici-types-6.20.0.tgz",
      "integrity": "sha512-Ny6QZ2Nju20vw1SRHe3d9jVu6gJ+4e3+MMpqu7pqE5HT6WsTSlce++GQmK5UXS8mzV8DSYHrQH+Xrf2jVcuKNg==",
      "dev": true
    }
  }
}
